<?xml version="1.0" encoding="utf-8"?>
<Project ToolsVersion="4.0" xmlns="http://schemas.microsoft.com/developer/msbuild/2003">
  <ItemGroup>
    <None Include="ReadMe.txt" />
  </ItemGroup>
  <ItemGroup>
    <Filter Include="headers">
      <UniqueIdentifier>{912d9849-6c48-4e53-aa48-d3b311070c4b}</UniqueIdentifier>
    </Filter>
    <Filter Include="src">
      <UniqueIdentifier>{eb013f5d-0b8f-43f8-a0ac-efcfe0693627}</UniqueIdentifier>
    </Filter>
    <Filter Include="audio">
      <UniqueIdentifier>{890b4acc-fda4-4865-9409-b20b1a6856fb}</UniqueIdentifier>
    </Filter>
  </ItemGroup>
  <ItemGroup>
    <ClInclude Include="include\Coords.h">
      <Filter>headers</Filter>
    </ClInclude>
    <ClInclude Include="include\Entity.h">
      <Filter>headers</Filter>
    </ClInclude>
    <ClInclude Include="include\enumeratedTypes.h">
      <Filter>headers</Filter>
    </ClInclude>
    <ClInclude Include="include\GhostDude.h">
      <Filter>headers</Filter>
    </ClInclude>
    <ClInclude Include="include\GlobalScopeVars.h">
      <Filter>headers</Filter>
    </ClInclude>
    <ClInclude Include="include\KeyboardListeners.h">
      <Filter>headers</Filter>
    </ClInclude>
    <ClInclude Include="include\PacDude.h">
      <Filter>headers</Filter>
    </ClInclude>
    <ClInclude Include="include\Points.h">
      <Filter>headers</Filter>
    </ClInclude>
    <ClInclude Include="include\PowerUp.h">
      <Filter>headers</Filter>
    </ClInclude>
    <ClInclude Include="include\PowerUp2.h">
      <Filter>headers</Filter>
    </ClInclude>
    <ClInclude Include="include\PowerUp3.h">
      <Filter>headers</Filter>
    </ClInclude>
    <ClInclude Include="include\PowerUpBase.h">
      <Filter>headers</Filter>
    </ClInclude>
    <ClInclude Include="include\Tiles.h">
      <Filter>headers</Filter>
    </ClInclude>
    <ClInclude Include="include\MenuSelection.h">
      <Filter>headers</Filter>
    </ClInclude>
    <ClInclude Include="include\CollisionHandler.h">
      <Filter>headers</Filter>
    </ClInclude>
    <ClInclude Include="include\CAudio.h">
      <Filter>headers</Filter>
    </ClInclude>
    <ClInclude Include="include\CAudioEffects.h">
      <Filter>headers</Filter>
    </ClInclude>
    <ClInclude Include="include\CMusic.h">
      <Filter>headers</Filter>
    </ClInclude>
  </ItemGroup>
  <ItemGroup>
    <ClCompile Include="source\ProfSkillsRefactor.cpp">
      <Filter>src</Filter>
    </ClCompile>
    <ClCompile Include="source\MenuSelection.cpp">
      <Filter>src</Filter>
    </ClCompile>
    <ClCompile Include="source\CAudio.cpp">
      <Filter>src</Filter>
    </ClCompile>
    <ClCompile Include="source\CAudioEffects.cpp">
      <Filter>src</Filter>
    </ClCompile>
    <ClCompile Include="source\CMusic.cpp">
      <Filter>src</Filter>
    </ClCompile>
  </ItemGroup>
  <ItemGroup>
    <Media Include="AudioFiles\gameBackground.wav">
      <Filter>audio</Filter>
    </Media>
    <Media Include="AudioFiles\gameBackgroundInGame.wav">
      <Filter>audio</Filter>
    </Media>
    <Media Include="AudioFiles\synthOneShot.wav">
      <Filter>audio</Filter>
    </Media>
    <Media Include="AudioFiles\VEH2 Closed Hihats - 005.wav">
      <Filter>audio</Filter>
    </Media>
  </ItemGroup>
</Project>